
Microsoft Visual Studio Solution File, Format Version 12.00
# Visual Studio Express 2012 for Windows Desktop
Project("{FAE04EC0-301F-11D3-BF4B-00C04F79EFBC}") = "20deka-prp", "20deka-prp\20deka-prp.csproj", "{D5C5038A-58C4-499D-88A5-00232E5DE214}"
EndProject
Project("{FAE04EC0-301F-11D3-BF4B-00C04F79EFBC}") = "20deka-prp-example", "20deka-prp-example\20deka-prp-example.csproj", "{CCB43343-8ED4-4EB3-882A-AB21B71C281C}"
EndProject
Global
	GlobalSection(SolutionConfigurationPlatforms) = preSolution
		Debug|Any CPU = Debug|Any CPU
		Release|Any CPU = Release|Any CPU
	EndGlobalSection
	GlobalSection(ProjectConfigurationPlatforms) = postSolution
		{D5C5038A-58C4-499D-88A5-00232E5DE214}.Debug|Any CPU.ActiveCfg = Debug|Any CPU
		{D5C5038A-58C4-499D-88A5-00232E5DE214}.Debug|Any CPU.Build.0 = Debug|Any CPU
		{D5C5038A-58C4-499D-88A5-00232E5DE214}.Release|Any CPU.ActiveCfg = Release|Any CPU
		{D5C5038A-58C4-499D-88A5-00232E5DE214}.Release|Any CPU.Build.0 = Release|Any CPU
		{CCB43343-8ED4-4EB3-882A-AB21B71C281C}.Debug|Any CPU.ActiveCfg = Debug|Any CPU
		{CCB43343-8ED4-4EB3-882A-AB21B71C281C}.Debug|Any CPU.Build.0 = Debug|Any CPU
		{CCB43343-8ED4-4EB3-882A-AB21B71C281C}.Release|Any CPU.ActiveCfg = Release|Any CPU
		{CCB43343-8ED4-4EB3-882A-AB21B71C281C}.Release|Any CPU.Build.0 = Release|Any CPU
	EndGlobalSection
	GlobalSection(SolutionProperties) = preSolution
		HideSolutionNode = FALSE
	EndGlobalSection
EndGlobal
